
Microsoft Visual Studio Solution File, Format Version 12.00
# Visual Studio Version 17
VisualStudioVersion = 17.14.36310.24
MinimumVisualStudioVersion = 10.0.40219.1
Project("{8BC9CEB8-8B4A-11D0-8D11-00A0C91BC942}") = "ClassicShutdown", "src\ClassicShutdown.vcxproj", "{D4C5C874-8C72-4C9D-9C53-CEA0D59BE2C0}"
EndProject
Project("{8BC9CEB8-8B4A-11D0-8D11-00A0C91BC942}") = "Launcher", "launcher\Launcher.vcxproj", "{6D63B0F9-8425-407B-B447-4143D9482181}"
	ProjectSection(ProjectDependencies) = postProject
		{D4C5C874-8C72-4C9D-9C53-CEA0D59BE2C0} = {D4C5C874-8C72-4C9D-9C53-CEA0D59BE2C0}
	EndProjectSection
EndProject
Project("{8BC9CEB8-8B4A-11D0-8D11-00A0C91BC942}") = "Config", "config\Config.vcxproj", "{83F4737D-04FA-45B4-9950-2820FE07F2BB}"
	ProjectSection(ProjectDependencies) = postProject
		{D4C5C874-8C72-4C9D-9C53-CEA0D59BE2C0} = {D4C5C874-8C72-4C9D-9C53-CEA0D59BE2C0}
	EndProjectSection
EndProject
Global
	GlobalSection(SolutionConfigurationPlatforms) = preSolution
		Debug|x64 = Debug|x64
		Debug|x86 = Debug|x86
		Release|x64 = Release|x64
		Release|x86 = Release|x86
	EndGlobalSection
	GlobalSection(ProjectConfigurationPlatforms) = postSolution
		{D4C5C874-8C72-4C9D-9C53-CEA0D59BE2C0}.Debug|x64.ActiveCfg = Debug|x64
		{D4C5C874-8C72-4C9D-9C53-CEA0D59BE2C0}.Debug|x64.Build.0 = Debug|x64
		{D4C5C874-8C72-4C9D-9C53-CEA0D59BE2C0}.Debug|x86.ActiveCfg = Debug|Win32
		{D4C5C874-8C72-4C9D-9C53-CEA0D59BE2C0}.Debug|x86.Build.0 = Debug|Win32
		{D4C5C874-8C72-4C9D-9C53-CEA0D59BE2C0}.Release|x64.ActiveCfg = Release|x64
		{D4C5C874-8C72-4C9D-9C53-CEA0D59BE2C0}.Release|x64.Build.0 = Release|x64
		{D4C5C874-8C72-4C9D-9C53-CEA0D59BE2C0}.Release|x86.ActiveCfg = Release|Win32
		{D4C5C874-8C72-4C9D-9C53-CEA0D59BE2C0}.Release|x86.Build.0 = Release|Win32
		{6D63B0F9-8425-407B-B447-4143D9482181}.Debug|x64.ActiveCfg = Debug|x64
		{6D63B0F9-8425-407B-B447-4143D9482181}.Debug|x64.Build.0 = Debug|x64
		{6D63B0F9-8425-407B-B447-4143D9482181}.Debug|x86.ActiveCfg = Debug|Win32
		{6D63B0F9-8425-407B-B447-4143D9482181}.Debug|x86.Build.0 = Debug|Win32
		{6D63B0F9-8425-407B-B447-4143D9482181}.Release|x64.ActiveCfg = Release|x64
		{6D63B0F9-8425-407B-B447-4143D9482181}.Release|x64.Build.0 = Release|x64
		{6D63B0F9-8425-407B-B447-4143D9482181}.Release|x86.ActiveCfg = Release|Win32
		{6D63B0F9-8425-407B-B447-4143D9482181}.Release|x86.Build.0 = Release|Win32
		{83F4737D-04FA-45B4-9950-2820FE07F2BB}.Debug|x64.ActiveCfg = Debug|x64
		{83F4737D-04FA-45B4-9950-2820FE07F2BB}.Debug|x64.Build.0 = Debug|x64
		{83F4737D-04FA-45B4-9950-2820FE07F2BB}.Debug|x86.ActiveCfg = Debug|Win32
		{83F4737D-04FA-45B4-9950-2820FE07F2BB}.Debug|x86.Build.0 = Debug|Win32
		{83F4737D-04FA-45B4-9950-2820FE07F2BB}.Release|x64.ActiveCfg = Release|x64
		{83F4737D-04FA-45B4-9950-2820FE07F2BB}.Release|x64.Build.0 = Release|x64
		{83F4737D-04FA-45B4-9950-2820FE07F2BB}.Release|x86.ActiveCfg = Release|Win32
		{83F4737D-04FA-45B4-9950-2820FE07F2BB}.Release|x86.Build.0 = Release|Win32
	EndGlobalSection
	GlobalSection(SolutionProperties) = preSolution
		HideSolutionNode = FALSE
	EndGlobalSection
	GlobalSection(ExtensibilityGlobals) = postSolution
		SolutionGuid = {29C1427B-13CB-4AAD-A78E-0A873C1C4665}
	EndGlobalSection
EndGlobal
